
Microsoft Visual Studio Solution File, Format Version 12.00
# Visual Studio Version 18
VisualStudioVersion = 18.0.11018.127
MinimumVisualStudioVersion = 10.0.40219.1
Project("{2150E333-8FDC-42A3-9474-1A3956D46DE8}") = "src", "src", "{4020B8DA-DF86-429C-91F7-8E814548DAEB}"
EndProject
Project("{2150E333-8FDC-42A3-9474-1A3956D46DE8}") = "Server", "Server", "{986A004B-3FB9-4CAE-91D5-49AFFE31B389}"
EndProject
Project("{2150E333-8FDC-42A3-9474-1A3956D46DE8}") = "Client", "Client", "{9279E020-EE24-4C61-A6E3-988614C243D2}"
	ProjectSection(SolutionItems) = preProject
		.dockerignore = .dockerignore
	EndProjectSection
EndProject
Project("{FAE04EC0-301F-11D3-BF4B-00C04F79EFBC}") = "WebClient", "src\Client\WebClient\WebClient.csproj", "{CE2E838B-8B63-4E61-9677-5508B4B6CA6A}"
EndProject
Project("{2150E333-8FDC-42A3-9474-1A3956D46DE8}") = "Services", "Services", "{8E57CF1E-91B4-46C0-92BB-9FB85A63670A}"
EndProject
Project("{FAE04EC0-301F-11D3-BF4B-00C04F79EFBC}") = "Core", "src\Server\Core\Core.csproj", "{93C8E455-BBE5-4CB7-875A-5E3EBF1A513B}"
EndProject
Project("{2150E333-8FDC-42A3-9474-1A3956D46DE8}") = "DataProcessing", "DataProcessing", "{A24D4F68-D92C-4D3F-BED7-01A55094C14F}"
EndProject
Project("{2150E333-8FDC-42A3-9474-1A3956D46DE8}") = "Internal", "Internal", "{D0B876DF-658C-46DA-A8CC-5C894B1D8054}"
EndProject
Project("{FAE04EC0-301F-11D3-BF4B-00C04F79EFBC}") = "Gateway", "src\Server\Gateway\Gateway.csproj", "{AC59376F-5F2F-42DE-A78A-DEB51D9E515A}"
EndProject
Project("{FAE04EC0-301F-11D3-BF4B-00C04F79EFBC}") = "API", "src\Server\Services\DataProcessing\API\API.csproj", "{2ACDBCE4-F0A1-4779-8935-F596737227A2}"
EndProject
Project("{FAE04EC0-301F-11D3-BF4B-00C04F79EFBC}") = "BLL", "src\Server\Services\DataProcessing\BLL\BLL.csproj", "{6BD018B9-8E2A-4099-AFBC-52D9F8A00E3E}"
EndProject
Project("{2150E333-8FDC-42A3-9474-1A3956D46DE8}") = "Notification", "Notification", "{851FC04E-8297-4954-909C-4E9BB6286901}"
EndProject
Project("{FAE04EC0-301F-11D3-BF4B-00C04F79EFBC}") = "API", "src\Server\Services\Internal\API\API.csproj", "{973F8323-862F-4375-A481-2277E6B470F7}"
EndProject
Project("{FAE04EC0-301F-11D3-BF4B-00C04F79EFBC}") = "BLL", "src\Server\Services\Internal\BLL\BLL.csproj", "{94CCD0CB-E9DC-4D72-A65D-A59BC49EDF68}"
EndProject
Project("{FAE04EC0-301F-11D3-BF4B-00C04F79EFBC}") = "DAL", "src\Server\Services\Internal\DAL\DAL.csproj", "{2B5CF9C9-83C0-49F7-A28F-9AE0E0EEEAC1}"
EndProject
Project("{FAE04EC0-301F-11D3-BF4B-00C04F79EFBC}") = "ApiClient", "src\Client\ApiClient\ApiClient.csproj", "{B7458E3B-8267-4BF3-9F2C-94BF23DC2EE8}"
EndProject
Project("{FAE04EC0-301F-11D3-BF4B-00C04F79EFBC}") = "Kafka.Infrastructure", "src\Server\Kafka.Infrastructure\Kafka.Infrastructure.csproj", "{BBA8B6FA-7FB8-436E-AA9A-1366FE3B18B1}"
EndProject
Global
	GlobalSection(SolutionConfigurationPlatforms) = preSolution
		Debug|Any CPU = Debug|Any CPU
		Release|Any CPU = Release|Any CPU
	EndGlobalSection
	GlobalSection(ProjectConfigurationPlatforms) = postSolution
		{CE2E838B-8B63-4E61-9677-5508B4B6CA6A}.Debug|Any CPU.ActiveCfg = Debug|Any CPU
		{CE2E838B-8B63-4E61-9677-5508B4B6CA6A}.Debug|Any CPU.Build.0 = Debug|Any CPU
		{CE2E838B-8B63-4E61-9677-5508B4B6CA6A}.Release|Any CPU.ActiveCfg = Release|Any CPU
		{CE2E838B-8B63-4E61-9677-5508B4B6CA6A}.Release|Any CPU.Build.0 = Release|Any CPU
		{93C8E455-BBE5-4CB7-875A-5E3EBF1A513B}.Debug|Any CPU.ActiveCfg = Debug|Any CPU
		{93C8E455-BBE5-4CB7-875A-5E3EBF1A513B}.Debug|Any CPU.Build.0 = Debug|Any CPU
		{93C8E455-BBE5-4CB7-875A-5E3EBF1A513B}.Release|Any CPU.ActiveCfg = Release|Any CPU
		{93C8E455-BBE5-4CB7-875A-5E3EBF1A513B}.Release|Any CPU.Build.0 = Release|Any CPU
		{AC59376F-5F2F-42DE-A78A-DEB51D9E515A}.Debug|Any CPU.ActiveCfg = Debug|Any CPU
		{AC59376F-5F2F-42DE-A78A-DEB51D9E515A}.Debug|Any CPU.Build.0 = Debug|Any CPU
		{AC59376F-5F2F-42DE-A78A-DEB51D9E515A}.Release|Any CPU.ActiveCfg = Release|Any CPU
		{AC59376F-5F2F-42DE-A78A-DEB51D9E515A}.Release|Any CPU.Build.0 = Release|Any CPU
		{2ACDBCE4-F0A1-4779-8935-F596737227A2}.Debug|Any CPU.ActiveCfg = Debug|Any CPU
		{2ACDBCE4-F0A1-4779-8935-F596737227A2}.Debug|Any CPU.Build.0 = Debug|Any CPU
		{2ACDBCE4-F0A1-4779-8935-F596737227A2}.Release|Any CPU.ActiveCfg = Release|Any CPU
		{2ACDBCE4-F0A1-4779-8935-F596737227A2}.Release|Any CPU.Build.0 = Release|Any CPU
		{6BD018B9-8E2A-4099-AFBC-52D9F8A00E3E}.Debug|Any CPU.ActiveCfg = Debug|Any CPU
		{6BD018B9-8E2A-4099-AFBC-52D9F8A00E3E}.Debug|Any CPU.Build.0 = Debug|Any CPU
		{6BD018B9-8E2A-4099-AFBC-52D9F8A00E3E}.Release|Any CPU.ActiveCfg = Release|Any CPU
		{6BD018B9-8E2A-4099-AFBC-52D9F8A00E3E}.Release|Any CPU.Build.0 = Release|Any CPU
		{973F8323-862F-4375-A481-2277E6B470F7}.Debug|Any CPU.ActiveCfg = Debug|Any CPU
		{973F8323-862F-4375-A481-2277E6B470F7}.Debug|Any CPU.Build.0 = Debug|Any CPU
		{973F8323-862F-4375-A481-2277E6B470F7}.Release|Any CPU.ActiveCfg = Release|Any CPU
		{973F8323-862F-4375-A481-2277E6B470F7}.Release|Any CPU.Build.0 = Release|Any CPU
		{94CCD0CB-E9DC-4D72-A65D-A59BC49EDF68}.Debug|Any CPU.ActiveCfg = Debug|Any CPU
		{94CCD0CB-E9DC-4D72-A65D-A59BC49EDF68}.Debug|Any CPU.Build.0 = Debug|Any CPU
		{94CCD0CB-E9DC-4D72-A65D-A59BC49EDF68}.Release|Any CPU.ActiveCfg = Release|Any CPU
		{94CCD0CB-E9DC-4D72-A65D-A59BC49EDF68}.Release|Any CPU.Build.0 = Release|Any CPU
		{2B5CF9C9-83C0-49F7-A28F-9AE0E0EEEAC1}.Debug|Any CPU.ActiveCfg = Debug|Any CPU
		{2B5CF9C9-83C0-49F7-A28F-9AE0E0EEEAC1}.Debug|Any CPU.Build.0 = Debug|Any CPU
		{2B5CF9C9-83C0-49F7-A28F-9AE0E0EEEAC1}.Release|Any CPU.ActiveCfg = Release|Any CPU
		{2B5CF9C9-83C0-49F7-A28F-9AE0E0EEEAC1}.Release|Any CPU.Build.0 = Release|Any CPU
		{B7458E3B-8267-4BF3-9F2C-94BF23DC2EE8}.Debug|Any CPU.ActiveCfg = Debug|Any CPU
		{B7458E3B-8267-4BF3-9F2C-94BF23DC2EE8}.Debug|Any CPU.Build.0 = Debug|Any CPU
		{B7458E3B-8267-4BF3-9F2C-94BF23DC2EE8}.Release|Any CPU.ActiveCfg = Release|Any CPU
		{B7458E3B-8267-4BF3-9F2C-94BF23DC2EE8}.Release|Any CPU.Build.0 = Release|Any CPU
		{BBA8B6FA-7FB8-436E-AA9A-1366FE3B18B1}.Debug|Any CPU.ActiveCfg = Debug|Any CPU
		{BBA8B6FA-7FB8-436E-AA9A-1366FE3B18B1}.Debug|Any CPU.Build.0 = Debug|Any CPU
		{BBA8B6FA-7FB8-436E-AA9A-1366FE3B18B1}.Release|Any CPU.ActiveCfg = Release|Any CPU
		{BBA8B6FA-7FB8-436E-AA9A-1366FE3B18B1}.Release|Any CPU.Build.0 = Release|Any CPU
	EndGlobalSection
	GlobalSection(SolutionProperties) = preSolution
		HideSolutionNode = FALSE
	EndGlobalSection
	GlobalSection(NestedProjects) = preSolution
		{986A004B-3FB9-4CAE-91D5-49AFFE31B389} = {4020B8DA-DF86-429C-91F7-8E814548DAEB}
		{9279E020-EE24-4C61-A6E3-988614C243D2} = {4020B8DA-DF86-429C-91F7-8E814548DAEB}
		{CE2E838B-8B63-4E61-9677-5508B4B6CA6A} = {9279E020-EE24-4C61-A6E3-988614C243D2}
		{8E57CF1E-91B4-46C0-92BB-9FB85A63670A} = {986A004B-3FB9-4CAE-91D5-49AFFE31B389}
		{93C8E455-BBE5-4CB7-875A-5E3EBF1A513B} = {986A004B-3FB9-4CAE-91D5-49AFFE31B389}
		{A24D4F68-D92C-4D3F-BED7-01A55094C14F} = {8E57CF1E-91B4-46C0-92BB-9FB85A63670A}
		{D0B876DF-658C-46DA-A8CC-5C894B1D8054} = {8E57CF1E-91B4-46C0-92BB-9FB85A63670A}
		{AC59376F-5F2F-42DE-A78A-DEB51D9E515A} = {986A004B-3FB9-4CAE-91D5-49AFFE31B389}
		{2ACDBCE4-F0A1-4779-8935-F596737227A2} = {A24D4F68-D92C-4D3F-BED7-01A55094C14F}
		{6BD018B9-8E2A-4099-AFBC-52D9F8A00E3E} = {A24D4F68-D92C-4D3F-BED7-01A55094C14F}
		{851FC04E-8297-4954-909C-4E9BB6286901} = {8E57CF1E-91B4-46C0-92BB-9FB85A63670A}
		{973F8323-862F-4375-A481-2277E6B470F7} = {D0B876DF-658C-46DA-A8CC-5C894B1D8054}
		{94CCD0CB-E9DC-4D72-A65D-A59BC49EDF68} = {D0B876DF-658C-46DA-A8CC-5C894B1D8054}
		{2B5CF9C9-83C0-49F7-A28F-9AE0E0EEEAC1} = {D0B876DF-658C-46DA-A8CC-5C894B1D8054}
		{B7458E3B-8267-4BF3-9F2C-94BF23DC2EE8} = {9279E020-EE24-4C61-A6E3-988614C243D2}
		{BBA8B6FA-7FB8-436E-AA9A-1366FE3B18B1} = {986A004B-3FB9-4CAE-91D5-49AFFE31B389}
	EndGlobalSection
	GlobalSection(ExtensibilityGlobals) = postSolution
		SolutionGuid = {6E9E33E3-DAEC-49D6-8FEA-D4E5143CEA0B}
	EndGlobalSection
EndGlobal
